
Microsoft Visual Studio Solution File, Format Version 12.00
# Visual Studio Version 17
VisualStudioVersion = 17.11.35327.3
MinimumVisualStudioVersion = 10.0.40219.1
Project("{FAE04EC0-301F-11D3-BF4B-00C04F79EFBC}") = "AlunosNotas", "AlunosNotas.csproj", "{D31137C0-27CA-4BF4-8287-27843F95788E}"
EndProject
Global
	GlobalSection(SolutionConfigurationPlatforms) = preSolution
		Debug|Any CPU = Debug|Any CPU
		Release|Any CPU = Release|Any CPU
	EndGlobalSection
	GlobalSection(ProjectConfigurationPlatforms) = postSolution
		{D31137C0-27CA-4BF4-8287-27843F95788E}.Debug|Any CPU.ActiveCfg = Debug|Any CPU
		{D31137C0-27CA-4BF4-8287-27843F95788E}.Debug|Any CPU.Build.0 = Debug|Any CPU
		{D31137C0-27CA-4BF4-8287-27843F95788E}.Release|Any CPU.ActiveCfg = Release|Any CPU
		{D31137C0-27CA-4BF4-8287-27843F95788E}.Release|Any CPU.Build.0 = Release|Any CPU
	EndGlobalSection
	GlobalSection(SolutionProperties) = preSolution
		HideSolutionNode = FALSE
	EndGlobalSection
	GlobalSection(ExtensibilityGlobals) = postSolution
		SolutionGuid = {9D6B2C2B-1917-4723-9E83-20FFD3BFEE7A}
	EndGlobalSection
EndGlobal
